
Microsoft Visual Studio Solution File, Format Version 11.00
# Visual Studio 2010
Project("{FAE04EC0-301F-11D3-BF4B-00C04F79EFBC}") = "Charts", "Charts\Charts.csproj", "{394C0D93-E241-4C20-8FBC-9EC2A1590C3D}"
EndProject
Project("{FAE04EC0-301F-11D3-BF4B-00C04F79EFBC}") = "ChartControl", "ChartControl\ChartControl.csproj", "{5DB07D80-9256-4C4D-8938-7D2AB67A8873}"
EndProject
Project("{FAE04EC0-301F-11D3-BF4B-00C04F79EFBC}") = "ChartTests", "ChartTests\ChartTests.csproj", "{C879A1FD-4231-4A46-867D-BFA663932027}"
EndProject
Project("{2150E333-8FDC-42A3-9474-1A3956D46DE8}") = "Solution Items", "Solution Items", "{A943649A-0F7C-4837-8542-2FCED891D59B}"
	ProjectSection(SolutionItems) = preProject
		Charts.vsmdi = Charts.vsmdi
		Local.testsettings = Local.testsettings
		TraceAndTestImpact.testsettings = TraceAndTestImpact.testsettings
	EndProjectSection
EndProject
Global
	GlobalSection(TestCaseManagementSettings) = postSolution
		CategoryFile = Charts.vsmdi
	EndGlobalSection
	GlobalSection(SolutionConfigurationPlatforms) = preSolution
		Debug|Any CPU = Debug|Any CPU
		Debug|Mixed Platforms = Debug|Mixed Platforms
		Debug|x86 = Debug|x86
		Release|Any CPU = Release|Any CPU
		Release|Mixed Platforms = Release|Mixed Platforms
		Release|x86 = Release|x86
	EndGlobalSection
	GlobalSection(ProjectConfigurationPlatforms) = postSolution
		{394C0D93-E241-4C20-8FBC-9EC2A1590C3D}.Debug|Any CPU.ActiveCfg = Debug|x86
		{394C0D93-E241-4C20-8FBC-9EC2A1590C3D}.Debug|Mixed Platforms.ActiveCfg = Debug|x86
		{394C0D93-E241-4C20-8FBC-9EC2A1590C3D}.Debug|Mixed Platforms.Build.0 = Debug|x86
		{394C0D93-E241-4C20-8FBC-9EC2A1590C3D}.Debug|x86.ActiveCfg = Debug|x86
		{394C0D93-E241-4C20-8FBC-9EC2A1590C3D}.Debug|x86.Build.0 = Debug|x86
		{394C0D93-E241-4C20-8FBC-9EC2A1590C3D}.Release|Any CPU.ActiveCfg = Release|x86
		{394C0D93-E241-4C20-8FBC-9EC2A1590C3D}.Release|Mixed Platforms.ActiveCfg = Release|x86
		{394C0D93-E241-4C20-8FBC-9EC2A1590C3D}.Release|Mixed Platforms.Build.0 = Release|x86
		{394C0D93-E241-4C20-8FBC-9EC2A1590C3D}.Release|x86.ActiveCfg = Release|x86
		{394C0D93-E241-4C20-8FBC-9EC2A1590C3D}.Release|x86.Build.0 = Release|x86
		{5DB07D80-9256-4C4D-8938-7D2AB67A8873}.Debug|Any CPU.ActiveCfg = Debug|Any CPU
		{5DB07D80-9256-4C4D-8938-7D2AB67A8873}.Debug|Any CPU.Build.0 = Debug|Any CPU
		{5DB07D80-9256-4C4D-8938-7D2AB67A8873}.Debug|Mixed Platforms.ActiveCfg = Debug|Any CPU
		{5DB07D80-9256-4C4D-8938-7D2AB67A8873}.Debug|Mixed Platforms.Build.0 = Debug|Any CPU
		{5DB07D80-9256-4C4D-8938-7D2AB67A8873}.Debug|x86.ActiveCfg = Debug|Any CPU
		{5DB07D80-9256-4C4D-8938-7D2AB67A8873}.Release|Any CPU.ActiveCfg = Release|Any CPU
		{5DB07D80-9256-4C4D-8938-7D2AB67A8873}.Release|Any CPU.Build.0 = Release|Any CPU
		{5DB07D80-9256-4C4D-8938-7D2AB67A8873}.Release|Mixed Platforms.ActiveCfg = Release|Any CPU
		{5DB07D80-9256-4C4D-8938-7D2AB67A8873}.Release|Mixed Platforms.Build.0 = Release|Any CPU
		{5DB07D80-9256-4C4D-8938-7D2AB67A8873}.Release|x86.ActiveCfg = Release|Any CPU
		{C879A1FD-4231-4A46-867D-BFA663932027}.Debug|Any CPU.ActiveCfg = Debug|Any CPU
		{C879A1FD-4231-4A46-867D-BFA663932027}.Debug|Any CPU.Build.0 = Debug|Any CPU
		{C879A1FD-4231-4A46-867D-BFA663932027}.Debug|Mixed Platforms.ActiveCfg = Debug|Any CPU
		{C879A1FD-4231-4A46-867D-BFA663932027}.Debug|Mixed Platforms.Build.0 = Debug|Any CPU
		{C879A1FD-4231-4A46-867D-BFA663932027}.Debug|x86.ActiveCfg = Debug|Any CPU
		{C879A1FD-4231-4A46-867D-BFA663932027}.Release|Any CPU.ActiveCfg = Release|Any CPU
		{C879A1FD-4231-4A46-867D-BFA663932027}.Release|Any CPU.Build.0 = Release|Any CPU
		{C879A1FD-4231-4A46-867D-BFA663932027}.Release|Mixed Platforms.ActiveCfg = Release|Any CPU
		{C879A1FD-4231-4A46-867D-BFA663932027}.Release|Mixed Platforms.Build.0 = Release|Any CPU
		{C879A1FD-4231-4A46-867D-BFA663932027}.Release|x86.ActiveCfg = Release|Any CPU
	EndGlobalSection
	GlobalSection(SolutionProperties) = preSolution
		HideSolutionNode = FALSE
	EndGlobalSection
EndGlobal
